
Microsoft Visual Studio Solution File, Format Version 12.00
# Visual Studio Version 17
VisualStudioVersion = 17.5.002.0
MinimumVisualStudioVersion = 10.0.40219.1
Project("{2150E333-8FDC-42A3-9474-1A3956D46DE8}") = "capstone_aelf", "capstone_aelf", "{FD0C5507-6666-4CC3-ABF9-0F6AD3A820E7}"
EndProject
Project("{9A19103F-16F7-4668-BE54-9A1E7A4F7556}") = "BuildersDAO", "capstone_aelf\src\BuildersDAO.csproj", "{21EBF132-838F-45D8-88C4-909013616A73}"
EndProject
Project("{9A19103F-16F7-4668-BE54-9A1E7A4F7556}") = "BuildersDAO.Tests", "capstone_aelf\test\BuildersDAO.Tests.csproj", "{6ED3BD9F-4C10-457F-94D7-7DDDF528ACFA}"
EndProject
Global
	GlobalSection(SolutionConfigurationPlatforms) = preSolution
		Debug|Any CPU = Debug|Any CPU
		Release|Any CPU = Release|Any CPU
	EndGlobalSection
	GlobalSection(ProjectConfigurationPlatforms) = postSolution
		{21EBF132-838F-45D8-88C4-909013616A73}.Debug|Any CPU.ActiveCfg = Debug|Any CPU
		{21EBF132-838F-45D8-88C4-909013616A73}.Debug|Any CPU.Build.0 = Debug|Any CPU
		{21EBF132-838F-45D8-88C4-909013616A73}.Release|Any CPU.ActiveCfg = Release|Any CPU
		{21EBF132-838F-45D8-88C4-909013616A73}.Release|Any CPU.Build.0 = Release|Any CPU
		{6ED3BD9F-4C10-457F-94D7-7DDDF528ACFA}.Debug|Any CPU.ActiveCfg = Debug|Any CPU
		{6ED3BD9F-4C10-457F-94D7-7DDDF528ACFA}.Debug|Any CPU.Build.0 = Debug|Any CPU
		{6ED3BD9F-4C10-457F-94D7-7DDDF528ACFA}.Release|Any CPU.ActiveCfg = Release|Any CPU
		{6ED3BD9F-4C10-457F-94D7-7DDDF528ACFA}.Release|Any CPU.Build.0 = Release|Any CPU
	EndGlobalSection
	GlobalSection(SolutionProperties) = preSolution
		HideSolutionNode = FALSE
	EndGlobalSection
	GlobalSection(NestedProjects) = preSolution
		{21EBF132-838F-45D8-88C4-909013616A73} = {FD0C5507-6666-4CC3-ABF9-0F6AD3A820E7}
		{6ED3BD9F-4C10-457F-94D7-7DDDF528ACFA} = {FD0C5507-6666-4CC3-ABF9-0F6AD3A820E7}
	EndGlobalSection
	GlobalSection(ExtensibilityGlobals) = postSolution
		SolutionGuid = {B39AD200-E235-4E75-9C44-F6FF66007CB3}
	EndGlobalSection
EndGlobal
